
Microsoft Visual Studio Solution File, Format Version 12.00
# Visual Studio Version 17
VisualStudioVersion = 17.9.34902.65
MinimumVisualStudioVersion = 10.0.40219.1
Project("{FAE04EC0-301F-11D3-BF4B-00C04F79EFBC}") = "HomeworkGB9", "HomeworkGB9\HomeworkGB9.csproj", "{E77A70C0-BAB7-4218-8E49-EFBE9A40431E}"
EndProject
Global
	GlobalSection(SolutionConfigurationPlatforms) = preSolution
		Debug|Any CPU = Debug|Any CPU
		Release|Any CPU = Release|Any CPU
	EndGlobalSection
	GlobalSection(ProjectConfigurationPlatforms) = postSolution
		{E77A70C0-BAB7-4218-8E49-EFBE9A40431E}.Debug|Any CPU.ActiveCfg = Debug|Any CPU
		{E77A70C0-BAB7-4218-8E49-EFBE9A40431E}.Debug|Any CPU.Build.0 = Debug|Any CPU
		{E77A70C0-BAB7-4218-8E49-EFBE9A40431E}.Release|Any CPU.ActiveCfg = Release|Any CPU
		{E77A70C0-BAB7-4218-8E49-EFBE9A40431E}.Release|Any CPU.Build.0 = Release|Any CPU
	EndGlobalSection
	GlobalSection(SolutionProperties) = preSolution
		HideSolutionNode = FALSE
	EndGlobalSection
	GlobalSection(ExtensibilityGlobals) = postSolution
		SolutionGuid = {6310CBFC-2A2A-4CE0-A800-CBDA96FED438}
	EndGlobalSection
EndGlobal
